
Microsoft Visual Studio Solution File, Format Version 12.00
# Visual Studio Version 17
VisualStudioVersion = 17.8.34322.80
MinimumVisualStudioVersion = 10.0.40219.1
Project("{FAE04EC0-301F-11D3-BF4B-00C04F79EFBC}") = "AoC#2023", "AoC#2023\AoC#2023.csproj", "{1436D88B-C409-441B-82E6-DF236696DA2D}"
EndProject
Global
	GlobalSection(SolutionConfigurationPlatforms) = preSolution
		Debug|Any CPU = Debug|Any CPU
		Release|Any CPU = Release|Any CPU
	EndGlobalSection
	GlobalSection(ProjectConfigurationPlatforms) = postSolution
		{1436D88B-C409-441B-82E6-DF236696DA2D}.Debug|Any CPU.ActiveCfg = Debug|Any CPU
		{1436D88B-C409-441B-82E6-DF236696DA2D}.Debug|Any CPU.Build.0 = Debug|Any CPU
		{1436D88B-C409-441B-82E6-DF236696DA2D}.Release|Any CPU.ActiveCfg = Release|Any CPU
		{1436D88B-C409-441B-82E6-DF236696DA2D}.Release|Any CPU.Build.0 = Release|Any CPU
	EndGlobalSection
	GlobalSection(SolutionProperties) = preSolution
		HideSolutionNode = FALSE
	EndGlobalSection
	GlobalSection(ExtensibilityGlobals) = postSolution
		SolutionGuid = {5ADB6D06-A959-4FF3-B1FA-9147F380AC43}
	EndGlobalSection
EndGlobal
